
Microsoft Visual Studio Solution File, Format Version 12.00
# Visual Studio Version 17
VisualStudioVersion = 17.5.33424.131
MinimumVisualStudioVersion = 10.0.40219.1
Project("{FAE04EC0-301F-11D3-BF4B-00C04F79EFBC}") = "MSTART Hiring Task", "MSTART Hiring Task\MSTART Hiring Task.csproj", "{DFB25986-BD6D-4A55-8192-57749B7A2BD1}"
EndProject
Global
	GlobalSection(SolutionConfigurationPlatforms) = preSolution
		Debug|Any CPU = Debug|Any CPU
		Release|Any CPU = Release|Any CPU
	EndGlobalSection
	GlobalSection(ProjectConfigurationPlatforms) = postSolution
		{DFB25986-BD6D-4A55-8192-57749B7A2BD1}.Debug|Any CPU.ActiveCfg = Debug|Any CPU
		{DFB25986-BD6D-4A55-8192-57749B7A2BD1}.Debug|Any CPU.Build.0 = Debug|Any CPU
		{DFB25986-BD6D-4A55-8192-57749B7A2BD1}.Release|Any CPU.ActiveCfg = Release|Any CPU
		{DFB25986-BD6D-4A55-8192-57749B7A2BD1}.Release|Any CPU.Build.0 = Release|Any CPU
	EndGlobalSection
	GlobalSection(SolutionProperties) = preSolution
		HideSolutionNode = FALSE
	EndGlobalSection
	GlobalSection(ExtensibilityGlobals) = postSolution
		SolutionGuid = {4F18EE14-D45E-476B-8CD5-33070BEA5711}
	EndGlobalSection
EndGlobal
